
Microsoft Visual Studio Solution File, Format Version 12.00
Project("{FAE04EC0-301F-11D3-BF4B-00C04F79EFBC}") = "WebApp", "WebApp\WebApp.csproj", "{79F58616-E378-432C-BEF5-4971377DD1D0}"
EndProject
Project("{FAE04EC0-301F-11D3-BF4B-00C04F79EFBC}") = "App.Domain", "App.Domain\App.Domain.csproj", "{30C13CE4-1E71-4320-8C01-8B685AA2E696}"
EndProject
Project("{2150E333-8FDC-42A3-9474-1A3956D46DE8}") = "App", "App", "{6CF24DC3-358A-409A-B7BE-F01AE645ECF6}"
EndProject
Project("{2150E333-8FDC-42A3-9474-1A3956D46DE8}") = "Base", "Base", "{979EDC0B-F7E2-4F8A-A384-AE43045FE1C5}"
EndProject
Project("{FAE04EC0-301F-11D3-BF4B-00C04F79EFBC}") = "Base.Domain", "Base.Domain\Base.Domain.csproj", "{78BABDD6-A9CE-47BC-AAF0-F2F2EF232821}"
EndProject
Project("{FAE04EC0-301F-11D3-BF4B-00C04F79EFBC}") = "Base.Contracts", "Base.Contracts\Base.Contracts.csproj", "{E285DD60-62CE-4C3F-A7BE-1149806B2127}"
EndProject
Project("{FAE04EC0-301F-11D3-BF4B-00C04F79EFBC}") = "App.DAL.EF", "App.DAL.EF\App.DAL.EF.csproj", "{9C8F5DEE-4198-40D3-8B02-D959B89A3B1E}"
EndProject
Project("{2150E333-8FDC-42A3-9474-1A3956D46DE8}") = "!Solution Items", "!Solution Items", "{12B5093B-20C3-4076-9598-B67184D40C63}"
	ProjectSection(SolutionItems) = preProject
		README.md = README.md
		.gitignore = .gitignore
		Directory.Build.Props = Directory.Build.Props
	EndProjectSection
EndProject
Project("{FAE04EC0-301F-11D3-BF4B-00C04F79EFBC}") = "App.Resources", "App.Resources\App.Resources.csproj", "{3579B381-FECA-4DD7-ABF0-EB9635F3D89A}"
EndProject
Project("{FAE04EC0-301F-11D3-BF4B-00C04F79EFBC}") = "Base.Helpers", "Base.Helpers\Base.Helpers.csproj", "{77746F00-2640-4237-A9E1-34B1F795DA8E}"
EndProject
Project("{FAE04EC0-301F-11D3-BF4B-00C04F79EFBC}") = "App.DTO", "App.DTO\App.DTO.csproj", "{3558E3E2-E08E-4AC2-AE21-34CDBB33A5D1}"
EndProject
Project("{2150E333-8FDC-42A3-9474-1A3956D46DE8}") = "!CICD", "!CICD", "{14321733-8152-4FD5-A5BE-C008719EAC55}"
	ProjectSection(SolutionItems) = preProject
		.dockerignore = .dockerignore
		.gitlab-ci.yml = .gitlab-ci.yml
		docker-compose.yml = docker-compose.yml
		Dockerfile = Dockerfile
	EndProjectSection
EndProject
Project("{2150E333-8FDC-42A3-9474-1A3956D46DE8}") = "Frontend", "Frontend", "{A1B2C3D4-E5F6-7890-ABCD-EF1234567890}"
	ProjectSection(SolutionItems) = preProject
		client-app\package.json = client-app\package.json
		client-app\vite.config.ts = client-app\vite.config.ts
		client-app\tsconfig.json = client-app\tsconfig.json
		client-app\index.html = client-app\index.html
		client-app\.env = client-app\.env
		client-app\.env.production = client-app\.env.production
		client-app\Dockerfile = client-app\Dockerfile
		client-app\nginx.conf = client-app\nginx.conf
		client-app\src\main.ts = client-app\src\main.ts
		client-app\src\App.vue = client-app\src\App.vue
		client-app\src\types\index.ts = client-app\src\types\index.ts
		client-app\src\router\index.ts = client-app\src\router\index.ts
		client-app\src\stores\auth.ts = client-app\src\stores\auth.ts
		client-app\src\services\api.ts = client-app\src\services\api.ts
		client-app\src\services\authService.ts = client-app\src\services\authService.ts
		client-app\src\services\vehicleService.ts = client-app\src\services\vehicleService.ts
		client-app\src\services\orderService.ts = client-app\src\services\orderService.ts
		client-app\src\services\paymentService.ts = client-app\src\services\paymentService.ts
		client-app\src\services\workshopService.ts = client-app\src\services\workshopService.ts
		client-app\src\components\NavBar.vue = client-app\src\components\NavBar.vue
		client-app\src\i18n\en.ts = client-app\src\i18n\en.ts
		client-app\src\i18n\et.ts = client-app\src\i18n\et.ts
		client-app\src\i18n\index.ts = client-app\src\i18n\index.ts
		client-app\src\views\HomeView.vue = client-app\src\views\HomeView.vue
		client-app\src\views\LoginView.vue = client-app\src\views\LoginView.vue
		client-app\src\views\RegisterView.vue = client-app\src\views\RegisterView.vue
		client-app\src\views\vehicles\VehiclesView.vue = client-app\src\views\vehicles\VehiclesView.vue
		client-app\src\views\vehicles\VehicleCreateView.vue = client-app\src\views\vehicles\VehicleCreateView.vue
		client-app\src\views\vehicles\VehicleDetailView.vue = client-app\src\views\vehicles\VehicleDetailView.vue
		client-app\src\views\vehicles\VehicleEditView.vue = client-app\src\views\vehicles\VehicleEditView.vue
		client-app\src\views\orders\OrdersView.vue = client-app\src\views\orders\OrdersView.vue
		client-app\src\views\orders\OrderCreateView.vue = client-app\src\views\orders\OrderCreateView.vue
		client-app\src\views\orders\OrderDetailView.vue = client-app\src\views\orders\OrderDetailView.vue
		client-app\src\views\orders\OrderProgressView.vue = client-app\src\views\orders\OrderProgressView.vue
		client-app\src\views\payments\PaymentsView.vue = client-app\src\views\payments\PaymentsView.vue
		client-app\src\views\payments\PaymentDetailView.vue = client-app\src\views\payments\PaymentDetailView.vue
	EndProjectSection
EndProject
Project("{FAE04EC0-301F-11D3-BF4B-00C04F79EFBC}") = "App.DAL.Contracts", "App.DAL.Contracts\App.DAL.Contracts.csproj", "{70355286-E3B6-45D3-99A7-B745625A312E}"
EndProject
Project("{FAE04EC0-301F-11D3-BF4B-00C04F79EFBC}") = "App.BLL", "App.BLL\App.BLL.csproj", "{62133BC6-EB11-402C-B55D-E68A9B71B0C0}"
EndProject
Project("{2150E333-8FDC-42A3-9474-1A3956D46DE8}") = "Tests", "Tests", "{B1C2D3E4-F5A6-7890-BCDE-F01234567891}"
EndProject
Project("{FAE04EC0-301F-11D3-BF4B-00C04F79EFBC}") = "CarServiceTrack.Tests.Unit", "CarServiceTrack.Tests.Unit\CarServiceTrack.Tests.Unit.csproj", "{A1B2C3D4-E5F6-7890-ABCD-EF0123456780}"
EndProject
Project("{FAE04EC0-301F-11D3-BF4B-00C04F79EFBC}") = "CarServiceTrack.Tests.Integration", "CarServiceTrack.Tests.Integration\CarServiceTrack.Tests.Integration.csproj", "{C3D4E5F6-A7B8-9012-CDEF-012345678902}"
EndProject
Project("{2150E333-8FDC-42A3-9474-1A3956D46DE8}") = "Modules", "Modules", "{CA253913-39DE-BFD0-C9A3-4B7EC6FBDF17}"
EndProject
Project("{2150E333-8FDC-42A3-9474-1A3956D46DE8}") = "Users", "Users", "{6E738700-F19F-83EF-9B5F-3C8900D73B86}"
EndProject
Project("{FAE04EC0-301F-11D3-BF4B-00C04F79EFBC}") = "Users.Domain", "Modules\Users\Users.Domain\Users.Domain.csproj", "{07A54581-D692-46BD-B8DA-167B7FA78F6E}"
EndProject
Project("{FAE04EC0-301F-11D3-BF4B-00C04F79EFBC}") = "Users.Contracts", "Modules\Users\Users.Contracts\Users.Contracts.csproj", "{84E8D6F8-767D-44E4-9874-EC5906C8006F}"
EndProject
Project("{FAE04EC0-301F-11D3-BF4B-00C04F79EFBC}") = "Users.Application", "Modules\Users\Users.Application\Users.Application.csproj", "{CF48A0FF-CE6E-4462-A6DF-B08C505098EA}"
EndProject
Project("{FAE04EC0-301F-11D3-BF4B-00C04F79EFBC}") = "Users.Infrastructure", "Modules\Users\Users.Infrastructure\Users.Infrastructure.csproj", "{FBBDAD09-EF02-4457-9CEC-42599FD357CD}"
EndProject
Project("{2150E333-8FDC-42A3-9474-1A3956D46DE8}") = "Workshops", "Workshops", "{3756C053-2475-8289-7ACD-4CEB7DC4E7F6}"
EndProject
Project("{FAE04EC0-301F-11D3-BF4B-00C04F79EFBC}") = "Workshops.Domain", "Modules\Workshops\Workshops.Domain\Workshops.Domain.csproj", "{5FBC3A05-A90F-40DF-B042-6C1A149B9B72}"
EndProject
Project("{FAE04EC0-301F-11D3-BF4B-00C04F79EFBC}") = "Workshops.Contracts", "Modules\Workshops\Workshops.Contracts\Workshops.Contracts.csproj", "{B2360490-88B8-48E4-902F-56EE975B1427}"
EndProject
Project("{FAE04EC0-301F-11D3-BF4B-00C04F79EFBC}") = "Workshops.Application", "Modules\Workshops\Workshops.Application\Workshops.Application.csproj", "{905D8BF5-E5BB-4329-92E9-860C525DB110}"
EndProject
Project("{FAE04EC0-301F-11D3-BF4B-00C04F79EFBC}") = "Workshops.Infrastructure", "Modules\Workshops\Workshops.Infrastructure\Workshops.Infrastructure.csproj", "{419CE95F-28B2-4D4E-834C-423C057ACBFE}"
EndProject
Project("{2150E333-8FDC-42A3-9474-1A3956D46DE8}") = "Orders", "Orders", "{E1ED5814-3279-5096-6E7D-B99B82AC87D2}"
EndProject
Project("{FAE04EC0-301F-11D3-BF4B-00C04F79EFBC}") = "Orders.Domain", "Modules\Orders\Orders.Domain\Orders.Domain.csproj", "{A9D8016A-BC03-41B3-9D72-57D81B28F326}"
EndProject
Project("{FAE04EC0-301F-11D3-BF4B-00C04F79EFBC}") = "Orders.Contracts", "Modules\Orders\Orders.Contracts\Orders.Contracts.csproj", "{D0DCB7EB-3EA6-48AB-8268-330C61A423E2}"
EndProject
Project("{FAE04EC0-301F-11D3-BF4B-00C04F79EFBC}") = "Orders.Application", "Modules\Orders\Orders.Application\Orders.Application.csproj", "{D53AE2E8-A768-4D03-A1FD-FF929AF269E4}"
EndProject
Project("{FAE04EC0-301F-11D3-BF4B-00C04F79EFBC}") = "Orders.Infrastructure", "Modules\Orders\Orders.Infrastructure\Orders.Infrastructure.csproj", "{15D7AA74-FF28-4B6B-9325-AE135E37D71D}"
EndProject
Global
	GlobalSection(SolutionConfigurationPlatforms) = preSolution
		Debug|Any CPU = Debug|Any CPU
		Debug|x64 = Debug|x64
		Debug|x86 = Debug|x86
		Release|Any CPU = Release|Any CPU
		Release|x64 = Release|x64
		Release|x86 = Release|x86
	EndGlobalSection
	GlobalSection(ProjectConfigurationPlatforms) = postSolution
		{79F58616-E378-432C-BEF5-4971377DD1D0}.Debug|Any CPU.ActiveCfg = Debug|Any CPU
		{79F58616-E378-432C-BEF5-4971377DD1D0}.Debug|Any CPU.Build.0 = Debug|Any CPU
		{79F58616-E378-432C-BEF5-4971377DD1D0}.Debug|x64.ActiveCfg = Debug|Any CPU
		{79F58616-E378-432C-BEF5-4971377DD1D0}.Debug|x64.Build.0 = Debug|Any CPU
		{79F58616-E378-432C-BEF5-4971377DD1D0}.Debug|x86.ActiveCfg = Debug|Any CPU
		{79F58616-E378-432C-BEF5-4971377DD1D0}.Debug|x86.Build.0 = Debug|Any CPU
		{79F58616-E378-432C-BEF5-4971377DD1D0}.Release|Any CPU.ActiveCfg = Release|Any CPU
		{79F58616-E378-432C-BEF5-4971377DD1D0}.Release|Any CPU.Build.0 = Release|Any CPU
		{79F58616-E378-432C-BEF5-4971377DD1D0}.Release|x64.ActiveCfg = Release|Any CPU
		{79F58616-E378-432C-BEF5-4971377DD1D0}.Release|x64.Build.0 = Release|Any CPU
		{79F58616-E378-432C-BEF5-4971377DD1D0}.Release|x86.ActiveCfg = Release|Any CPU
		{79F58616-E378-432C-BEF5-4971377DD1D0}.Release|x86.Build.0 = Release|Any CPU
		{30C13CE4-1E71-4320-8C01-8B685AA2E696}.Debug|Any CPU.ActiveCfg = Debug|Any CPU
		{30C13CE4-1E71-4320-8C01-8B685AA2E696}.Debug|Any CPU.Build.0 = Debug|Any CPU
		{30C13CE4-1E71-4320-8C01-8B685AA2E696}.Debug|x64.ActiveCfg = Debug|Any CPU
		{30C13CE4-1E71-4320-8C01-8B685AA2E696}.Debug|x64.Build.0 = Debug|Any CPU
		{30C13CE4-1E71-4320-8C01-8B685AA2E696}.Debug|x86.ActiveCfg = Debug|Any CPU
		{30C13CE4-1E71-4320-8C01-8B685AA2E696}.Debug|x86.Build.0 = Debug|Any CPU
		{30C13CE4-1E71-4320-8C01-8B685AA2E696}.Release|Any CPU.ActiveCfg = Release|Any CPU
		{30C13CE4-1E71-4320-8C01-8B685AA2E696}.Release|Any CPU.Build.0 = Release|Any CPU
		{30C13CE4-1E71-4320-8C01-8B685AA2E696}.Release|x64.ActiveCfg = Release|Any CPU
		{30C13CE4-1E71-4320-8C01-8B685AA2E696}.Release|x64.Build.0 = Release|Any CPU
		{30C13CE4-1E71-4320-8C01-8B685AA2E696}.Release|x86.ActiveCfg = Release|Any CPU
		{30C13CE4-1E71-4320-8C01-8B685AA2E696}.Release|x86.Build.0 = Release|Any CPU
		{78BABDD6-A9CE-47BC-AAF0-F2F2EF232821}.Debug|Any CPU.ActiveCfg = Debug|Any CPU
		{78BABDD6-A9CE-47BC-AAF0-F2F2EF232821}.Debug|Any CPU.Build.0 = Debug|Any CPU
		{78BABDD6-A9CE-47BC-AAF0-F2F2EF232821}.Debug|x64.ActiveCfg = Debug|Any CPU
		{78BABDD6-A9CE-47BC-AAF0-F2F2EF232821}.Debug|x64.Build.0 = Debug|Any CPU
		{78BABDD6-A9CE-47BC-AAF0-F2F2EF232821}.Debug|x86.ActiveCfg = Debug|Any CPU
		{78BABDD6-A9CE-47BC-AAF0-F2F2EF232821}.Debug|x86.Build.0 = Debug|Any CPU
		{78BABDD6-A9CE-47BC-AAF0-F2F2EF232821}.Release|Any CPU.ActiveCfg = Release|Any CPU
		{78BABDD6-A9CE-47BC-AAF0-F2F2EF232821}.Release|Any CPU.Build.0 = Release|Any CPU
		{78BABDD6-A9CE-47BC-AAF0-F2F2EF232821}.Release|x64.ActiveCfg = Release|Any CPU
		{78BABDD6-A9CE-47BC-AAF0-F2F2EF232821}.Release|x64.Build.0 = Release|Any CPU
		{78BABDD6-A9CE-47BC-AAF0-F2F2EF232821}.Release|x86.ActiveCfg = Release|Any CPU
		{78BABDD6-A9CE-47BC-AAF0-F2F2EF232821}.Release|x86.Build.0 = Release|Any CPU
		{E285DD60-62CE-4C3F-A7BE-1149806B2127}.Debug|Any CPU.ActiveCfg = Debug|Any CPU
		{E285DD60-62CE-4C3F-A7BE-1149806B2127}.Debug|Any CPU.Build.0 = Debug|Any CPU
		{E285DD60-62CE-4C3F-A7BE-1149806B2127}.Debug|x64.ActiveCfg = Debug|Any CPU
		{E285DD60-62CE-4C3F-A7BE-1149806B2127}.Debug|x64.Build.0 = Debug|Any CPU
		{E285DD60-62CE-4C3F-A7BE-1149806B2127}.Debug|x86.ActiveCfg = Debug|Any CPU
		{E285DD60-62CE-4C3F-A7BE-1149806B2127}.Debug|x86.Build.0 = Debug|Any CPU
		{E285DD60-62CE-4C3F-A7BE-1149806B2127}.Release|Any CPU.ActiveCfg = Release|Any CPU
		{E285DD60-62CE-4C3F-A7BE-1149806B2127}.Release|Any CPU.Build.0 = Release|Any CPU
		{E285DD60-62CE-4C3F-A7BE-1149806B2127}.Release|x64.ActiveCfg = Release|Any CPU
		{E285DD60-62CE-4C3F-A7BE-1149806B2127}.Release|x64.Build.0 = Release|Any CPU
		{E285DD60-62CE-4C3F-A7BE-1149806B2127}.Release|x86.ActiveCfg = Release|Any CPU
		{E285DD60-62CE-4C3F-A7BE-1149806B2127}.Release|x86.Build.0 = Release|Any CPU
		{9C8F5DEE-4198-40D3-8B02-D959B89A3B1E}.Debug|Any CPU.ActiveCfg = Debug|Any CPU
		{9C8F5DEE-4198-40D3-8B02-D959B89A3B1E}.Debug|Any CPU.Build.0 = Debug|Any CPU
		{9C8F5DEE-4198-40D3-8B02-D959B89A3B1E}.Debug|x64.ActiveCfg = Debug|Any CPU
		{9C8F5DEE-4198-40D3-8B02-D959B89A3B1E}.Debug|x64.Build.0 = Debug|Any CPU
		{9C8F5DEE-4198-40D3-8B02-D959B89A3B1E}.Debug|x86.ActiveCfg = Debug|Any CPU
		{9C8F5DEE-4198-40D3-8B02-D959B89A3B1E}.Debug|x86.Build.0 = Debug|Any CPU
		{9C8F5DEE-4198-40D3-8B02-D959B89A3B1E}.Release|Any CPU.ActiveCfg = Release|Any CPU
		{9C8F5DEE-4198-40D3-8B02-D959B89A3B1E}.Release|Any CPU.Build.0 = Release|Any CPU
		{9C8F5DEE-4198-40D3-8B02-D959B89A3B1E}.Release|x64.ActiveCfg = Release|Any CPU
		{9C8F5DEE-4198-40D3-8B02-D959B89A3B1E}.Release|x64.Build.0 = Release|Any CPU
		{9C8F5DEE-4198-40D3-8B02-D959B89A3B1E}.Release|x86.ActiveCfg = Release|Any CPU
		{9C8F5DEE-4198-40D3-8B02-D959B89A3B1E}.Release|x86.Build.0 = Release|Any CPU
		{3579B381-FECA-4DD7-ABF0-EB9635F3D89A}.Debug|Any CPU.ActiveCfg = Debug|Any CPU
		{3579B381-FECA-4DD7-ABF0-EB9635F3D89A}.Debug|Any CPU.Build.0 = Debug|Any CPU
		{3579B381-FECA-4DD7-ABF0-EB9635F3D89A}.Debug|x64.ActiveCfg = Debug|Any CPU
		{3579B381-FECA-4DD7-ABF0-EB9635F3D89A}.Debug|x64.Build.0 = Debug|Any CPU
		{3579B381-FECA-4DD7-ABF0-EB9635F3D89A}.Debug|x86.ActiveCfg = Debug|Any CPU
		{3579B381-FECA-4DD7-ABF0-EB9635F3D89A}.Debug|x86.Build.0 = Debug|Any CPU
		{3579B381-FECA-4DD7-ABF0-EB9635F3D89A}.Release|Any CPU.ActiveCfg = Release|Any CPU
		{3579B381-FECA-4DD7-ABF0-EB9635F3D89A}.Release|Any CPU.Build.0 = Release|Any CPU
		{3579B381-FECA-4DD7-ABF0-EB9635F3D89A}.Release|x64.ActiveCfg = Release|Any CPU
		{3579B381-FECA-4DD7-ABF0-EB9635F3D89A}.Release|x64.Build.0 = Release|Any CPU
		{3579B381-FECA-4DD7-ABF0-EB9635F3D89A}.Release|x86.ActiveCfg = Release|Any CPU
		{3579B381-FECA-4DD7-ABF0-EB9635F3D89A}.Release|x86.Build.0 = Release|Any CPU
		{77746F00-2640-4237-A9E1-34B1F795DA8E}.Debug|Any CPU.ActiveCfg = Debug|Any CPU
		{77746F00-2640-4237-A9E1-34B1F795DA8E}.Debug|Any CPU.Build.0 = Debug|Any CPU
		{77746F00-2640-4237-A9E1-34B1F795DA8E}.Debug|x64.ActiveCfg = Debug|Any CPU
		{77746F00-2640-4237-A9E1-34B1F795DA8E}.Debug|x64.Build.0 = Debug|Any CPU
		{77746F00-2640-4237-A9E1-34B1F795DA8E}.Debug|x86.ActiveCfg = Debug|Any CPU
		{77746F00-2640-4237-A9E1-34B1F795DA8E}.Debug|x86.Build.0 = Debug|Any CPU
		{77746F00-2640-4237-A9E1-34B1F795DA8E}.Release|Any CPU.ActiveCfg = Release|Any CPU
		{77746F00-2640-4237-A9E1-34B1F795DA8E}.Release|Any CPU.Build.0 = Release|Any CPU
		{77746F00-2640-4237-A9E1-34B1F795DA8E}.Release|x64.ActiveCfg = Release|Any CPU
		{77746F00-2640-4237-A9E1-34B1F795DA8E}.Release|x64.Build.0 = Release|Any CPU
		{77746F00-2640-4237-A9E1-34B1F795DA8E}.Release|x86.ActiveCfg = Release|Any CPU
		{77746F00-2640-4237-A9E1-34B1F795DA8E}.Release|x86.Build.0 = Release|Any CPU
		{3558E3E2-E08E-4AC2-AE21-34CDBB33A5D1}.Debug|Any CPU.ActiveCfg = Debug|Any CPU
		{3558E3E2-E08E-4AC2-AE21-34CDBB33A5D1}.Debug|Any CPU.Build.0 = Debug|Any CPU
		{3558E3E2-E08E-4AC2-AE21-34CDBB33A5D1}.Debug|x64.ActiveCfg = Debug|Any CPU
		{3558E3E2-E08E-4AC2-AE21-34CDBB33A5D1}.Debug|x64.Build.0 = Debug|Any CPU
		{3558E3E2-E08E-4AC2-AE21-34CDBB33A5D1}.Debug|x86.ActiveCfg = Debug|Any CPU
		{3558E3E2-E08E-4AC2-AE21-34CDBB33A5D1}.Debug|x86.Build.0 = Debug|Any CPU
		{3558E3E2-E08E-4AC2-AE21-34CDBB33A5D1}.Release|Any CPU.ActiveCfg = Release|Any CPU
		{3558E3E2-E08E-4AC2-AE21-34CDBB33A5D1}.Release|Any CPU.Build.0 = Release|Any CPU
		{3558E3E2-E08E-4AC2-AE21-34CDBB33A5D1}.Release|x64.ActiveCfg = Release|Any CPU
		{3558E3E2-E08E-4AC2-AE21-34CDBB33A5D1}.Release|x64.Build.0 = Release|Any CPU
		{3558E3E2-E08E-4AC2-AE21-34CDBB33A5D1}.Release|x86.ActiveCfg = Release|Any CPU
		{3558E3E2-E08E-4AC2-AE21-34CDBB33A5D1}.Release|x86.Build.0 = Release|Any CPU
		{70355286-E3B6-45D3-99A7-B745625A312E}.Debug|Any CPU.ActiveCfg = Debug|Any CPU
		{70355286-E3B6-45D3-99A7-B745625A312E}.Debug|Any CPU.Build.0 = Debug|Any CPU
		{70355286-E3B6-45D3-99A7-B745625A312E}.Debug|x64.ActiveCfg = Debug|Any CPU
		{70355286-E3B6-45D3-99A7-B745625A312E}.Debug|x64.Build.0 = Debug|Any CPU
		{70355286-E3B6-45D3-99A7-B745625A312E}.Debug|x86.ActiveCfg = Debug|Any CPU
		{70355286-E3B6-45D3-99A7-B745625A312E}.Debug|x86.Build.0 = Debug|Any CPU
		{70355286-E3B6-45D3-99A7-B745625A312E}.Release|Any CPU.ActiveCfg = Release|Any CPU
		{70355286-E3B6-45D3-99A7-B745625A312E}.Release|Any CPU.Build.0 = Release|Any CPU
		{70355286-E3B6-45D3-99A7-B745625A312E}.Release|x64.ActiveCfg = Release|Any CPU
		{70355286-E3B6-45D3-99A7-B745625A312E}.Release|x64.Build.0 = Release|Any CPU
		{70355286-E3B6-45D3-99A7-B745625A312E}.Release|x86.ActiveCfg = Release|Any CPU
		{70355286-E3B6-45D3-99A7-B745625A312E}.Release|x86.Build.0 = Release|Any CPU
		{62133BC6-EB11-402C-B55D-E68A9B71B0C0}.Debug|Any CPU.ActiveCfg = Debug|Any CPU
		{62133BC6-EB11-402C-B55D-E68A9B71B0C0}.Debug|Any CPU.Build.0 = Debug|Any CPU
		{62133BC6-EB11-402C-B55D-E68A9B71B0C0}.Debug|x64.ActiveCfg = Debug|Any CPU
		{62133BC6-EB11-402C-B55D-E68A9B71B0C0}.Debug|x64.Build.0 = Debug|Any CPU
		{62133BC6-EB11-402C-B55D-E68A9B71B0C0}.Debug|x86.ActiveCfg = Debug|Any CPU
		{62133BC6-EB11-402C-B55D-E68A9B71B0C0}.Debug|x86.Build.0 = Debug|Any CPU
		{62133BC6-EB11-402C-B55D-E68A9B71B0C0}.Release|Any CPU.ActiveCfg = Release|Any CPU
		{62133BC6-EB11-402C-B55D-E68A9B71B0C0}.Release|Any CPU.Build.0 = Release|Any CPU
		{62133BC6-EB11-402C-B55D-E68A9B71B0C0}.Release|x64.ActiveCfg = Release|Any CPU
		{62133BC6-EB11-402C-B55D-E68A9B71B0C0}.Release|x64.Build.0 = Release|Any CPU
		{62133BC6-EB11-402C-B55D-E68A9B71B0C0}.Release|x86.ActiveCfg = Release|Any CPU
		{62133BC6-EB11-402C-B55D-E68A9B71B0C0}.Release|x86.Build.0 = Release|Any CPU
		{A1B2C3D4-E5F6-7890-ABCD-EF0123456780}.Debug|Any CPU.ActiveCfg = Debug|Any CPU
		{A1B2C3D4-E5F6-7890-ABCD-EF0123456780}.Debug|Any CPU.Build.0 = Debug|Any CPU
		{A1B2C3D4-E5F6-7890-ABCD-EF0123456780}.Debug|x64.ActiveCfg = Debug|Any CPU
		{A1B2C3D4-E5F6-7890-ABCD-EF0123456780}.Debug|x64.Build.0 = Debug|Any CPU
		{A1B2C3D4-E5F6-7890-ABCD-EF0123456780}.Debug|x86.ActiveCfg = Debug|Any CPU
		{A1B2C3D4-E5F6-7890-ABCD-EF0123456780}.Debug|x86.Build.0 = Debug|Any CPU
		{A1B2C3D4-E5F6-7890-ABCD-EF0123456780}.Release|Any CPU.ActiveCfg = Release|Any CPU
		{A1B2C3D4-E5F6-7890-ABCD-EF0123456780}.Release|Any CPU.Build.0 = Release|Any CPU
		{A1B2C3D4-E5F6-7890-ABCD-EF0123456780}.Release|x64.ActiveCfg = Release|Any CPU
		{A1B2C3D4-E5F6-7890-ABCD-EF0123456780}.Release|x64.Build.0 = Release|Any CPU
		{A1B2C3D4-E5F6-7890-ABCD-EF0123456780}.Release|x86.ActiveCfg = Release|Any CPU
		{A1B2C3D4-E5F6-7890-ABCD-EF0123456780}.Release|x86.Build.0 = Release|Any CPU
		{C3D4E5F6-A7B8-9012-CDEF-012345678902}.Debug|Any CPU.ActiveCfg = Debug|Any CPU
		{C3D4E5F6-A7B8-9012-CDEF-012345678902}.Debug|Any CPU.Build.0 = Debug|Any CPU
		{C3D4E5F6-A7B8-9012-CDEF-012345678902}.Debug|x64.ActiveCfg = Debug|Any CPU
		{C3D4E5F6-A7B8-9012-CDEF-012345678902}.Debug|x64.Build.0 = Debug|Any CPU
		{C3D4E5F6-A7B8-9012-CDEF-012345678902}.Debug|x86.ActiveCfg = Debug|Any CPU
		{C3D4E5F6-A7B8-9012-CDEF-012345678902}.Debug|x86.Build.0 = Debug|Any CPU
		{C3D4E5F6-A7B8-9012-CDEF-012345678902}.Release|Any CPU.ActiveCfg = Release|Any CPU
		{C3D4E5F6-A7B8-9012-CDEF-012345678902}.Release|Any CPU.Build.0 = Release|Any CPU
		{C3D4E5F6-A7B8-9012-CDEF-012345678902}.Release|x64.ActiveCfg = Release|Any CPU
		{C3D4E5F6-A7B8-9012-CDEF-012345678902}.Release|x64.Build.0 = Release|Any CPU
		{C3D4E5F6-A7B8-9012-CDEF-012345678902}.Release|x86.ActiveCfg = Release|Any CPU
		{C3D4E5F6-A7B8-9012-CDEF-012345678902}.Release|x86.Build.0 = Release|Any CPU
		{07A54581-D692-46BD-B8DA-167B7FA78F6E}.Debug|Any CPU.ActiveCfg = Debug|Any CPU
		{07A54581-D692-46BD-B8DA-167B7FA78F6E}.Debug|Any CPU.Build.0 = Debug|Any CPU
		{07A54581-D692-46BD-B8DA-167B7FA78F6E}.Debug|x64.ActiveCfg = Debug|Any CPU
		{07A54581-D692-46BD-B8DA-167B7FA78F6E}.Debug|x64.Build.0 = Debug|Any CPU
		{07A54581-D692-46BD-B8DA-167B7FA78F6E}.Debug|x86.ActiveCfg = Debug|Any CPU
		{07A54581-D692-46BD-B8DA-167B7FA78F6E}.Debug|x86.Build.0 = Debug|Any CPU
		{07A54581-D692-46BD-B8DA-167B7FA78F6E}.Release|Any CPU.ActiveCfg = Release|Any CPU
		{07A54581-D692-46BD-B8DA-167B7FA78F6E}.Release|Any CPU.Build.0 = Release|Any CPU
		{07A54581-D692-46BD-B8DA-167B7FA78F6E}.Release|x64.ActiveCfg = Release|Any CPU
		{07A54581-D692-46BD-B8DA-167B7FA78F6E}.Release|x64.Build.0 = Release|Any CPU
		{07A54581-D692-46BD-B8DA-167B7FA78F6E}.Release|x86.ActiveCfg = Release|Any CPU
		{07A54581-D692-46BD-B8DA-167B7FA78F6E}.Release|x86.Build.0 = Release|Any CPU
		{84E8D6F8-767D-44E4-9874-EC5906C8006F}.Debug|Any CPU.ActiveCfg = Debug|Any CPU
		{84E8D6F8-767D-44E4-9874-EC5906C8006F}.Debug|Any CPU.Build.0 = Debug|Any CPU
		{84E8D6F8-767D-44E4-9874-EC5906C8006F}.Debug|x64.ActiveCfg = Debug|Any CPU
		{84E8D6F8-767D-44E4-9874-EC5906C8006F}.Debug|x64.Build.0 = Debug|Any CPU
		{84E8D6F8-767D-44E4-9874-EC5906C8006F}.Debug|x86.ActiveCfg = Debug|Any CPU
		{84E8D6F8-767D-44E4-9874-EC5906C8006F}.Debug|x86.Build.0 = Debug|Any CPU
		{84E8D6F8-767D-44E4-9874-EC5906C8006F}.Release|Any CPU.ActiveCfg = Release|Any CPU
		{84E8D6F8-767D-44E4-9874-EC5906C8006F}.Release|Any CPU.Build.0 = Release|Any CPU
		{84E8D6F8-767D-44E4-9874-EC5906C8006F}.Release|x64.ActiveCfg = Release|Any CPU
		{84E8D6F8-767D-44E4-9874-EC5906C8006F}.Release|x64.Build.0 = Release|Any CPU
		{84E8D6F8-767D-44E4-9874-EC5906C8006F}.Release|x86.ActiveCfg = Release|Any CPU
		{84E8D6F8-767D-44E4-9874-EC5906C8006F}.Release|x86.Build.0 = Release|Any CPU
		{CF48A0FF-CE6E-4462-A6DF-B08C505098EA}.Debug|Any CPU.ActiveCfg = Debug|Any CPU
		{CF48A0FF-CE6E-4462-A6DF-B08C505098EA}.Debug|Any CPU.Build.0 = Debug|Any CPU
		{CF48A0FF-CE6E-4462-A6DF-B08C505098EA}.Debug|x64.ActiveCfg = Debug|Any CPU
		{CF48A0FF-CE6E-4462-A6DF-B08C505098EA}.Debug|x64.Build.0 = Debug|Any CPU
		{CF48A0FF-CE6E-4462-A6DF-B08C505098EA}.Debug|x86.ActiveCfg = Debug|Any CPU
		{CF48A0FF-CE6E-4462-A6DF-B08C505098EA}.Debug|x86.Build.0 = Debug|Any CPU
		{CF48A0FF-CE6E-4462-A6DF-B08C505098EA}.Release|Any CPU.ActiveCfg = Release|Any CPU
		{CF48A0FF-CE6E-4462-A6DF-B08C505098EA}.Release|Any CPU.Build.0 = Release|Any CPU
		{CF48A0FF-CE6E-4462-A6DF-B08C505098EA}.Release|x64.ActiveCfg = Release|Any CPU
		{CF48A0FF-CE6E-4462-A6DF-B08C505098EA}.Release|x64.Build.0 = Release|Any CPU
		{CF48A0FF-CE6E-4462-A6DF-B08C505098EA}.Release|x86.ActiveCfg = Release|Any CPU
		{CF48A0FF-CE6E-4462-A6DF-B08C505098EA}.Release|x86.Build.0 = Release|Any CPU
		{FBBDAD09-EF02-4457-9CEC-42599FD357CD}.Debug|Any CPU.ActiveCfg = Debug|Any CPU
		{FBBDAD09-EF02-4457-9CEC-42599FD357CD}.Debug|Any CPU.Build.0 = Debug|Any CPU
		{FBBDAD09-EF02-4457-9CEC-42599FD357CD}.Debug|x64.ActiveCfg = Debug|Any CPU
		{FBBDAD09-EF02-4457-9CEC-42599FD357CD}.Debug|x64.Build.0 = Debug|Any CPU
		{FBBDAD09-EF02-4457-9CEC-42599FD357CD}.Debug|x86.ActiveCfg = Debug|Any CPU
		{FBBDAD09-EF02-4457-9CEC-42599FD357CD}.Debug|x86.Build.0 = Debug|Any CPU
		{FBBDAD09-EF02-4457-9CEC-42599FD357CD}.Release|Any CPU.ActiveCfg = Release|Any CPU
		{FBBDAD09-EF02-4457-9CEC-42599FD357CD}.Release|Any CPU.Build.0 = Release|Any CPU
		{FBBDAD09-EF02-4457-9CEC-42599FD357CD}.Release|x64.ActiveCfg = Release|Any CPU
		{FBBDAD09-EF02-4457-9CEC-42599FD357CD}.Release|x64.Build.0 = Release|Any CPU
		{FBBDAD09-EF02-4457-9CEC-42599FD357CD}.Release|x86.ActiveCfg = Release|Any CPU
		{FBBDAD09-EF02-4457-9CEC-42599FD357CD}.Release|x86.Build.0 = Release|Any CPU
		{5FBC3A05-A90F-40DF-B042-6C1A149B9B72}.Debug|Any CPU.ActiveCfg = Debug|Any CPU
		{5FBC3A05-A90F-40DF-B042-6C1A149B9B72}.Debug|Any CPU.Build.0 = Debug|Any CPU
		{5FBC3A05-A90F-40DF-B042-6C1A149B9B72}.Debug|x64.ActiveCfg = Debug|Any CPU
		{5FBC3A05-A90F-40DF-B042-6C1A149B9B72}.Debug|x64.Build.0 = Debug|Any CPU
		{5FBC3A05-A90F-40DF-B042-6C1A149B9B72}.Debug|x86.ActiveCfg = Debug|Any CPU
		{5FBC3A05-A90F-40DF-B042-6C1A149B9B72}.Debug|x86.Build.0 = Debug|Any CPU
		{5FBC3A05-A90F-40DF-B042-6C1A149B9B72}.Release|Any CPU.ActiveCfg = Release|Any CPU
		{5FBC3A05-A90F-40DF-B042-6C1A149B9B72}.Release|Any CPU.Build.0 = Release|Any CPU
		{5FBC3A05-A90F-40DF-B042-6C1A149B9B72}.Release|x64.ActiveCfg = Release|Any CPU
		{5FBC3A05-A90F-40DF-B042-6C1A149B9B72}.Release|x64.Build.0 = Release|Any CPU
		{5FBC3A05-A90F-40DF-B042-6C1A149B9B72}.Release|x86.ActiveCfg = Release|Any CPU
		{5FBC3A05-A90F-40DF-B042-6C1A149B9B72}.Release|x86.Build.0 = Release|Any CPU
		{B2360490-88B8-48E4-902F-56EE975B1427}.Debug|Any CPU.ActiveCfg = Debug|Any CPU
		{B2360490-88B8-48E4-902F-56EE975B1427}.Debug|Any CPU.Build.0 = Debug|Any CPU
		{B2360490-88B8-48E4-902F-56EE975B1427}.Debug|x64.ActiveCfg = Debug|Any CPU
		{B2360490-88B8-48E4-902F-56EE975B1427}.Debug|x64.Build.0 = Debug|Any CPU
		{B2360490-88B8-48E4-902F-56EE975B1427}.Debug|x86.ActiveCfg = Debug|Any CPU
		{B2360490-88B8-48E4-902F-56EE975B1427}.Debug|x86.Build.0 = Debug|Any CPU
		{B2360490-88B8-48E4-902F-56EE975B1427}.Release|Any CPU.ActiveCfg = Release|Any CPU
		{B2360490-88B8-48E4-902F-56EE975B1427}.Release|Any CPU.Build.0 = Release|Any CPU
		{B2360490-88B8-48E4-902F-56EE975B1427}.Release|x64.ActiveCfg = Release|Any CPU
		{B2360490-88B8-48E4-902F-56EE975B1427}.Release|x64.Build.0 = Release|Any CPU
		{B2360490-88B8-48E4-902F-56EE975B1427}.Release|x86.ActiveCfg = Release|Any CPU
		{B2360490-88B8-48E4-902F-56EE975B1427}.Release|x86.Build.0 = Release|Any CPU
		{905D8BF5-E5BB-4329-92E9-860C525DB110}.Debug|Any CPU.ActiveCfg = Debug|Any CPU
		{905D8BF5-E5BB-4329-92E9-860C525DB110}.Debug|Any CPU.Build.0 = Debug|Any CPU
		{905D8BF5-E5BB-4329-92E9-860C525DB110}.Debug|x64.ActiveCfg = Debug|Any CPU
		{905D8BF5-E5BB-4329-92E9-860C525DB110}.Debug|x64.Build.0 = Debug|Any CPU
		{905D8BF5-E5BB-4329-92E9-860C525DB110}.Debug|x86.ActiveCfg = Debug|Any CPU
		{905D8BF5-E5BB-4329-92E9-860C525DB110}.Debug|x86.Build.0 = Debug|Any CPU
		{905D8BF5-E5BB-4329-92E9-860C525DB110}.Release|Any CPU.ActiveCfg = Release|Any CPU
		{905D8BF5-E5BB-4329-92E9-860C525DB110}.Release|Any CPU.Build.0 = Release|Any CPU
		{905D8BF5-E5BB-4329-92E9-860C525DB110}.Release|x64.ActiveCfg = Release|Any CPU
		{905D8BF5-E5BB-4329-92E9-860C525DB110}.Release|x64.Build.0 = Release|Any CPU
		{905D8BF5-E5BB-4329-92E9-860C525DB110}.Release|x86.ActiveCfg = Release|Any CPU
		{905D8BF5-E5BB-4329-92E9-860C525DB110}.Release|x86.Build.0 = Release|Any CPU
		{419CE95F-28B2-4D4E-834C-423C057ACBFE}.Debug|Any CPU.ActiveCfg = Debug|Any CPU
		{419CE95F-28B2-4D4E-834C-423C057ACBFE}.Debug|Any CPU.Build.0 = Debug|Any CPU
		{419CE95F-28B2-4D4E-834C-423C057ACBFE}.Debug|x64.ActiveCfg = Debug|Any CPU
		{419CE95F-28B2-4D4E-834C-423C057ACBFE}.Debug|x64.Build.0 = Debug|Any CPU
		{419CE95F-28B2-4D4E-834C-423C057ACBFE}.Debug|x86.ActiveCfg = Debug|Any CPU
		{419CE95F-28B2-4D4E-834C-423C057ACBFE}.Debug|x86.Build.0 = Debug|Any CPU
		{419CE95F-28B2-4D4E-834C-423C057ACBFE}.Release|Any CPU.ActiveCfg = Release|Any CPU
		{419CE95F-28B2-4D4E-834C-423C057ACBFE}.Release|Any CPU.Build.0 = Release|Any CPU
		{419CE95F-28B2-4D4E-834C-423C057ACBFE}.Release|x64.ActiveCfg = Release|Any CPU
		{419CE95F-28B2-4D4E-834C-423C057ACBFE}.Release|x64.Build.0 = Release|Any CPU
		{419CE95F-28B2-4D4E-834C-423C057ACBFE}.Release|x86.ActiveCfg = Release|Any CPU
		{419CE95F-28B2-4D4E-834C-423C057ACBFE}.Release|x86.Build.0 = Release|Any CPU
		{A9D8016A-BC03-41B3-9D72-57D81B28F326}.Debug|Any CPU.ActiveCfg = Debug|Any CPU
		{A9D8016A-BC03-41B3-9D72-57D81B28F326}.Debug|Any CPU.Build.0 = Debug|Any CPU
		{A9D8016A-BC03-41B3-9D72-57D81B28F326}.Debug|x64.ActiveCfg = Debug|Any CPU
		{A9D8016A-BC03-41B3-9D72-57D81B28F326}.Debug|x64.Build.0 = Debug|Any CPU
		{A9D8016A-BC03-41B3-9D72-57D81B28F326}.Debug|x86.ActiveCfg = Debug|Any CPU
		{A9D8016A-BC03-41B3-9D72-57D81B28F326}.Debug|x86.Build.0 = Debug|Any CPU
		{A9D8016A-BC03-41B3-9D72-57D81B28F326}.Release|Any CPU.ActiveCfg = Release|Any CPU
		{A9D8016A-BC03-41B3-9D72-57D81B28F326}.Release|Any CPU.Build.0 = Release|Any CPU
		{A9D8016A-BC03-41B3-9D72-57D81B28F326}.Release|x64.ActiveCfg = Release|Any CPU
		{A9D8016A-BC03-41B3-9D72-57D81B28F326}.Release|x64.Build.0 = Release|Any CPU
		{A9D8016A-BC03-41B3-9D72-57D81B28F326}.Release|x86.ActiveCfg = Release|Any CPU
		{A9D8016A-BC03-41B3-9D72-57D81B28F326}.Release|x86.Build.0 = Release|Any CPU
		{D0DCB7EB-3EA6-48AB-8268-330C61A423E2}.Debug|Any CPU.ActiveCfg = Debug|Any CPU
		{D0DCB7EB-3EA6-48AB-8268-330C61A423E2}.Debug|Any CPU.Build.0 = Debug|Any CPU
		{D0DCB7EB-3EA6-48AB-8268-330C61A423E2}.Debug|x64.ActiveCfg = Debug|Any CPU
		{D0DCB7EB-3EA6-48AB-8268-330C61A423E2}.Debug|x64.Build.0 = Debug|Any CPU
		{D0DCB7EB-3EA6-48AB-8268-330C61A423E2}.Debug|x86.ActiveCfg = Debug|Any CPU
		{D0DCB7EB-3EA6-48AB-8268-330C61A423E2}.Debug|x86.Build.0 = Debug|Any CPU
		{D0DCB7EB-3EA6-48AB-8268-330C61A423E2}.Release|Any CPU.ActiveCfg = Release|Any CPU
		{D0DCB7EB-3EA6-48AB-8268-330C61A423E2}.Release|Any CPU.Build.0 = Release|Any CPU
		{D0DCB7EB-3EA6-48AB-8268-330C61A423E2}.Release|x64.ActiveCfg = Release|Any CPU
		{D0DCB7EB-3EA6-48AB-8268-330C61A423E2}.Release|x64.Build.0 = Release|Any CPU
		{D0DCB7EB-3EA6-48AB-8268-330C61A423E2}.Release|x86.ActiveCfg = Release|Any CPU
		{D0DCB7EB-3EA6-48AB-8268-330C61A423E2}.Release|x86.Build.0 = Release|Any CPU
		{D53AE2E8-A768-4D03-A1FD-FF929AF269E4}.Debug|Any CPU.ActiveCfg = Debug|Any CPU
		{D53AE2E8-A768-4D03-A1FD-FF929AF269E4}.Debug|Any CPU.Build.0 = Debug|Any CPU
		{D53AE2E8-A768-4D03-A1FD-FF929AF269E4}.Debug|x64.ActiveCfg = Debug|Any CPU
		{D53AE2E8-A768-4D03-A1FD-FF929AF269E4}.Debug|x64.Build.0 = Debug|Any CPU
		{D53AE2E8-A768-4D03-A1FD-FF929AF269E4}.Debug|x86.ActiveCfg = Debug|Any CPU
		{D53AE2E8-A768-4D03-A1FD-FF929AF269E4}.Debug|x86.Build.0 = Debug|Any CPU
		{D53AE2E8-A768-4D03-A1FD-FF929AF269E4}.Release|Any CPU.ActiveCfg = Release|Any CPU
		{D53AE2E8-A768-4D03-A1FD-FF929AF269E4}.Release|Any CPU.Build.0 = Release|Any CPU
		{D53AE2E8-A768-4D03-A1FD-FF929AF269E4}.Release|x64.ActiveCfg = Release|Any CPU
		{D53AE2E8-A768-4D03-A1FD-FF929AF269E4}.Release|x64.Build.0 = Release|Any CPU
		{D53AE2E8-A768-4D03-A1FD-FF929AF269E4}.Release|x86.ActiveCfg = Release|Any CPU
		{D53AE2E8-A768-4D03-A1FD-FF929AF269E4}.Release|x86.Build.0 = Release|Any CPU
		{15D7AA74-FF28-4B6B-9325-AE135E37D71D}.Debug|Any CPU.ActiveCfg = Debug|Any CPU
		{15D7AA74-FF28-4B6B-9325-AE135E37D71D}.Debug|Any CPU.Build.0 = Debug|Any CPU
		{15D7AA74-FF28-4B6B-9325-AE135E37D71D}.Debug|x64.ActiveCfg = Debug|Any CPU
		{15D7AA74-FF28-4B6B-9325-AE135E37D71D}.Debug|x64.Build.0 = Debug|Any CPU
		{15D7AA74-FF28-4B6B-9325-AE135E37D71D}.Debug|x86.ActiveCfg = Debug|Any CPU
		{15D7AA74-FF28-4B6B-9325-AE135E37D71D}.Debug|x86.Build.0 = Debug|Any CPU
		{15D7AA74-FF28-4B6B-9325-AE135E37D71D}.Release|Any CPU.ActiveCfg = Release|Any CPU
		{15D7AA74-FF28-4B6B-9325-AE135E37D71D}.Release|Any CPU.Build.0 = Release|Any CPU
		{15D7AA74-FF28-4B6B-9325-AE135E37D71D}.Release|x64.ActiveCfg = Release|Any CPU
		{15D7AA74-FF28-4B6B-9325-AE135E37D71D}.Release|x64.Build.0 = Release|Any CPU
		{15D7AA74-FF28-4B6B-9325-AE135E37D71D}.Release|x86.ActiveCfg = Release|Any CPU
		{15D7AA74-FF28-4B6B-9325-AE135E37D71D}.Release|x86.Build.0 = Release|Any CPU
	EndGlobalSection
	GlobalSection(SolutionProperties) = preSolution
		HideSolutionNode = FALSE
	EndGlobalSection
	GlobalSection(NestedProjects) = preSolution
		{79F58616-E378-432C-BEF5-4971377DD1D0} = {6CF24DC3-358A-409A-B7BE-F01AE645ECF6}
		{30C13CE4-1E71-4320-8C01-8B685AA2E696} = {6CF24DC3-358A-409A-B7BE-F01AE645ECF6}
		{78BABDD6-A9CE-47BC-AAF0-F2F2EF232821} = {979EDC0B-F7E2-4F8A-A384-AE43045FE1C5}
		{E285DD60-62CE-4C3F-A7BE-1149806B2127} = {979EDC0B-F7E2-4F8A-A384-AE43045FE1C5}
		{9C8F5DEE-4198-40D3-8B02-D959B89A3B1E} = {6CF24DC3-358A-409A-B7BE-F01AE645ECF6}
		{3579B381-FECA-4DD7-ABF0-EB9635F3D89A} = {6CF24DC3-358A-409A-B7BE-F01AE645ECF6}
		{77746F00-2640-4237-A9E1-34B1F795DA8E} = {979EDC0B-F7E2-4F8A-A384-AE43045FE1C5}
		{3558E3E2-E08E-4AC2-AE21-34CDBB33A5D1} = {6CF24DC3-358A-409A-B7BE-F01AE645ECF6}
		{A1B2C3D4-E5F6-7890-ABCD-EF0123456780} = {B1C2D3E4-F5A6-7890-BCDE-F01234567891}
		{C3D4E5F6-A7B8-9012-CDEF-012345678902} = {B1C2D3E4-F5A6-7890-BCDE-F01234567891}
		{6E738700-F19F-83EF-9B5F-3C8900D73B86} = {CA253913-39DE-BFD0-C9A3-4B7EC6FBDF17}
		{07A54581-D692-46BD-B8DA-167B7FA78F6E} = {6E738700-F19F-83EF-9B5F-3C8900D73B86}
		{84E8D6F8-767D-44E4-9874-EC5906C8006F} = {6E738700-F19F-83EF-9B5F-3C8900D73B86}
		{CF48A0FF-CE6E-4462-A6DF-B08C505098EA} = {6E738700-F19F-83EF-9B5F-3C8900D73B86}
		{FBBDAD09-EF02-4457-9CEC-42599FD357CD} = {6E738700-F19F-83EF-9B5F-3C8900D73B86}
		{3756C053-2475-8289-7ACD-4CEB7DC4E7F6} = {CA253913-39DE-BFD0-C9A3-4B7EC6FBDF17}
		{5FBC3A05-A90F-40DF-B042-6C1A149B9B72} = {3756C053-2475-8289-7ACD-4CEB7DC4E7F6}
		{B2360490-88B8-48E4-902F-56EE975B1427} = {3756C053-2475-8289-7ACD-4CEB7DC4E7F6}
		{905D8BF5-E5BB-4329-92E9-860C525DB110} = {3756C053-2475-8289-7ACD-4CEB7DC4E7F6}
		{419CE95F-28B2-4D4E-834C-423C057ACBFE} = {3756C053-2475-8289-7ACD-4CEB7DC4E7F6}
		{E1ED5814-3279-5096-6E7D-B99B82AC87D2} = {CA253913-39DE-BFD0-C9A3-4B7EC6FBDF17}
		{A9D8016A-BC03-41B3-9D72-57D81B28F326} = {E1ED5814-3279-5096-6E7D-B99B82AC87D2}
		{D0DCB7EB-3EA6-48AB-8268-330C61A423E2} = {E1ED5814-3279-5096-6E7D-B99B82AC87D2}
		{D53AE2E8-A768-4D03-A1FD-FF929AF269E4} = {E1ED5814-3279-5096-6E7D-B99B82AC87D2}
		{15D7AA74-FF28-4B6B-9325-AE135E37D71D} = {E1ED5814-3279-5096-6E7D-B99B82AC87D2}
	EndGlobalSection
EndGlobal
